schema: '2.0'
stages:
  preprocess:
    cmd: python -m src.data.prepare_data_new
    deps:
    - path: data/raw/test.csv
      hash: md5
      md5: 7533b82eae4b582610cbd68aa636b017
      size: 28629
    - path: data/raw/train.csv
      hash: md5
      md5: 2309cc5f04782ed9bb6016d9f4e381cf
      size: 61194
    - path: src/data/prepare_data_new.py
      hash: md5
      md5: 30060d37d71e57fff681ecf784b9e317
      size: 4847
    outs:
    - path: data/processed/test_clean.csv
      hash: md5
      md5: 7081b5b027f6436d403269bb52ec8e34
      size: 9154
    - path: data/processed/train_clean.csv
      hash: md5
      md5: c1b56f4a79f84321dbd55fe64d763a9f
      size: 16995
  train:
    cmd: python -m src.train
    deps:
    - path: data/processed/train_clean.csv
      hash: md5
      md5: c1b56f4a79f84321dbd55fe64d763a9f
      size: 16995
    - path: src/models/Different_models.py
      hash: md5
      md5: 35045b1439df67d85f9f07b717d6d31b
      size: 7652
    - path: src/train.py
      hash: md5
      md5: 19891452a583aed6c283a8763788a15b
      size: 1741
    outs:
    - path: models/model.pkl
      hash: md5
      md5: e30f4c6cd642ccb38c9f3a86ebe8f896
      size: 303267
    - path: reports/train_reports/train_info.json
      hash: md5
      md5: 369f3e391809866d5bf7d330cdd2181c
      size: 311
  predict:
    cmd: python -m src.predict
    deps:
    - path: data/processed/test_clean.csv
      hash: md5
      md5: 7081b5b027f6436d403269bb52ec8e34
      size: 9154
    - path: models/model.pkl
      hash: md5
      md5: e30f4c6cd642ccb38c9f3a86ebe8f896
      size: 303267
    - path: src/predict.py
      hash: md5
      md5: cbdb65726825f077a0d94e2bef21c88c
      size: 1132
    outs:
    - path: data/predictions/submission.csv
      hash: md5
      md5: 1be499715406bdd81c33f44c604dc6ad
      size: 3258
